# This file is automatically @generated by Cargo.
# It is not intended for manual editing.
version = 3

[[package]]
name = "_powerboxes"
version = "0.2.3"
dependencies = [
 "num-traits",
 "numpy",
 "powerboxesrs",
 "pyo3",
]

[[package]]
name = "approx"
version = "0.5.1"
source = "registry+https://github.com/rust-lang/crates.io-index"
checksum = "cab112f0a86d568ea0e627cc1d6be74a1e9cd55214684db5561995f6dad897c6"
dependencies = [
 "num-traits",
]

[[package]]
name = "autocfg"
version = "1.4.0"
source = "registry+https://github.com/rust-lang/crates.io-index"
checksum = "ace50bade8e6234aa140d9a2f552bbee1db4d353f69b8217bc503490fc1a9f26"

[[package]]
name = "bytemuck"
version = "1.18.0"
source = "registry+https://github.com/rust-lang/crates.io-index"
checksum = "94bbb0ad554ad961ddc5da507a12a29b14e4ae5bda06b19f575a3e6079d2e2ae"

[[package]]
name = "byteorder"
version = "1.5.0"
source = "registry+https://github.com/rust-lang/crates.io-index"
checksum = "1fd0f2584146f6f2ef48085050886acf353beff7305ebd1ae69500e27c67f64b"

[[package]]
name = "cfg-if"
version = "1.0.0"
source = "registry+https://github.com/rust-lang/crates.io-index"
checksum = "baf1de4339761588bc0619e3cbc0120ee582ebb74b53b4efbf79117bd2da40fd"

[[package]]
name = "hash32"
version = "0.3.1"
source = "registry+https://github.com/rust-lang/crates.io-index"
checksum = "47d60b12902ba28e2730cd37e95b8c9223af2808df9e902d4df49588d1470606"
dependencies = [
 "byteorder",
]

[[package]]
name = "heapless"
version = "0.8.0"
source = "registry+https://github.com/rust-lang/crates.io-index"
checksum = "0bfb9eb618601c89945a70e254898da93b13be0388091d42117462b265bb3fad"
dependencies = [
 "hash32",
 "stable_deref_trait",
]

[[package]]
name = "heck"
version = "0.5.0"
source = "registry+https://github.com/rust-lang/crates.io-index"
checksum = "2304e00983f87ffb38b55b444b5e3b60a884b5d30c0fca7d82fe33449bbe55ea"

[[package]]
name = "indoc"
version = "2.0.5"
source = "registry+https://github.com/rust-lang/crates.io-index"
checksum = "b248f5224d1d606005e02c97f5aa4e88eeb230488bcc03bc9ca4d7991399f2b5"

[[package]]
name = "libc"
version = "0.2.159"
source = "registry+https://github.com/rust-lang/crates.io-index"
checksum = "561d97a539a36e26a9a5fad1ea11a3039a67714694aaa379433e580854bc3dc5"

[[package]]
name = "libm"
version = "0.2.8"
source = "registry+https://github.com/rust-lang/crates.io-index"
checksum = "4ec2a862134d2a7d32d7983ddcdd1c4923530833c9f2ea1a44fc5fa473989058"

[[package]]
name = "matrixmultiply"
version = "0.3.9"
source = "registry+https://github.com/rust-lang/crates.io-index"
checksum = "9380b911e3e96d10c1f415da0876389aaf1b56759054eeb0de7df940c456ba1a"
dependencies = [
 "autocfg",
 "rawpointer",
]

[[package]]
name = "memoffset"
version = "0.9.1"
source = "registry+https://github.com/rust-lang/crates.io-index"
checksum = "488016bfae457b036d996092f6cb448677611ce4449e970ceaf42695203f218a"
dependencies = [
 "autocfg",
]

[[package]]
name = "nalgebra"
version = "0.32.6"
source = "registry+https://github.com/rust-lang/crates.io-index"
checksum = "7b5c17de023a86f59ed79891b2e5d5a94c705dbe904a5b5c9c952ea6221b03e4"
dependencies = [
 "approx",
 "matrixmultiply",
 "nalgebra-macros",
 "num-complex",
 "num-rational",
 "num-traits",
 "simba",
 "typenum",
]

[[package]]
name = "nalgebra-macros"
version = "0.2.2"
source = "registry+https://github.com/rust-lang/crates.io-index"
checksum = "254a5372af8fc138e36684761d3c0cdb758a4410e938babcff1c860ce14ddbfc"
dependencies = [
 "proc-macro2",
 "quote",
 "syn",
]

[[package]]
name = "ndarray"
version = "0.16.1"
source = "registry+https://github.com/rust-lang/crates.io-index"
checksum = "882ed72dce9365842bf196bdeedf5055305f11fc8c03dee7bb0194a6cad34841"
dependencies = [
 "matrixmultiply",
 "num-complex",
 "num-integer",
 "num-traits",
 "portable-atomic",
 "portable-atomic-util",
 "rawpointer",
]

[[package]]
name = "num-complex"
version = "0.4.6"
source = "registry+https://github.com/rust-lang/crates.io-index"
checksum = "73f88a1307638156682bada9d7604135552957b7818057dcef22705b4d509495"
dependencies = [
 "num-traits",
]

[[package]]
name = "num-integer"
version = "0.1.46"
source = "registry+https://github.com/rust-lang/crates.io-index"
checksum = "7969661fd2958a5cb096e56c8e1ad0444ac2bbcd0061bd28660485a44879858f"
dependencies = [
 "num-traits",
]

[[package]]
name = "num-rational"
version = "0.4.2"
source = "registry+https://github.com/rust-lang/crates.io-index"
checksum = "f83d14da390562dca69fc84082e73e548e1ad308d24accdedd2720017cb37824"
dependencies = [
 "num-integer",
 "num-traits",
]

[[package]]
name = "num-traits"
version = "0.2.19"
source = "registry+https://github.com/rust-lang/crates.io-index"
checksum = "071dfc062690e90b734c0b2273ce72ad0ffa95f0c74596bc250dcfd960262841"
dependencies = [
 "autocfg",
 "libm",
]

[[package]]
name = "numpy"
version = "0.22.0"
source = "registry+https://github.com/rust-lang/crates.io-index"
checksum = "cf314fca279e6e6ac2126a4ff98f26d88aa4ad06bc68fb6ae5cf4bd706758311"
dependencies = [
 "libc",
 "nalgebra",
 "ndarray",
 "num-complex",
 "num-integer",
 "num-traits",
 "pyo3",
 "rustc-hash",
]

[[package]]
name = "once_cell"
version = "1.20.2"
source = "registry+https://github.com/rust-lang/crates.io-index"
checksum = "1261fe7e33c73b354eab43b1273a57c8f967d0391e80353e51f764ac02cf6775"

[[package]]
name = "paste"
version = "1.0.15"
source = "registry+https://github.com/rust-lang/crates.io-index"
checksum = "57c0d7b74b563b49d38dae00a0c37d4d6de9b432382b2892f0574ddcae73fd0a"

[[package]]
name = "portable-atomic"
version = "1.9.0"
source = "registry+https://github.com/rust-lang/crates.io-index"
checksum = "cc9c68a3f6da06753e9335d63e27f6b9754dd1920d941135b7ea8224f141adb2"

[[package]]
name = "portable-atomic-util"
version = "0.2.2"
source = "registry+https://github.com/rust-lang/crates.io-index"
checksum = "fcdd8420072e66d54a407b3316991fe946ce3ab1083a7f575b2463866624704d"
dependencies = [
 "portable-atomic",
]

[[package]]
name = "powerboxesrs"
version = "0.2.3"
dependencies = [
 "nalgebra",
 "num-traits",
 "rstar",
]

[[package]]
name = "proc-macro2"
version = "1.0.87"
source = "registry+https://github.com/rust-lang/crates.io-index"
checksum = "b3e4daa0dcf6feba26f985457cdf104d4b4256fc5a09547140f3631bb076b19a"
dependencies = [
 "unicode-ident",
]

[[package]]
name = "pyo3"
version = "0.22.3"
source = "registry+https://github.com/rust-lang/crates.io-index"
checksum = "15ee168e30649f7f234c3d49ef5a7a6cbf5134289bc46c29ff3155fa3221c225"
dependencies = [
 "cfg-if",
 "indoc",
 "libc",
 "memoffset",
 "once_cell",
 "portable-atomic",
 "pyo3-build-config",
 "pyo3-ffi",
 "pyo3-macros",
 "unindent",
]

[[package]]
name = "pyo3-build-config"
version = "0.22.3"
source = "registry+https://github.com/rust-lang/crates.io-index"
checksum = "e61cef80755fe9e46bb8a0b8f20752ca7676dcc07a5277d8b7768c6172e529b3"
dependencies = [
 "once_cell",
 "target-lexicon",
]

[[package]]
name = "pyo3-ffi"
version = "0.22.3"
source = "registry+https://github.com/rust-lang/crates.io-index"
checksum = "67ce096073ec5405f5ee2b8b31f03a68e02aa10d5d4f565eca04acc41931fa1c"
dependencies = [
 "libc",
 "pyo3-build-config",
]

[[package]]
name = "pyo3-macros"
version = "0.22.3"
source = "registry+https://github.com/rust-lang/crates.io-index"
checksum = "2440c6d12bc8f3ae39f1e775266fa5122fd0c8891ce7520fa6048e683ad3de28"
dependencies = [
 "proc-macro2",
 "pyo3-macros-backend",
 "quote",
 "syn",
]

[[package]]
name = "pyo3-macros-backend"
version = "0.22.3"
source = "registry+https://github.com/rust-lang/crates.io-index"
checksum = "1be962f0e06da8f8465729ea2cb71a416d2257dff56cbe40a70d3e62a93ae5d1"
dependencies = [
 "heck",
 "proc-macro2",
 "pyo3-build-config",
 "quote",
 "syn",
]

[[package]]
name = "quote"
version = "1.0.37"
source = "registry+https://github.com/rust-lang/crates.io-index"
checksum = "b5b9d34b8991d19d98081b46eacdd8eb58c6f2b201139f7c5f643cc155a633af"
dependencies = [
 "proc-macro2",
]

[[package]]
name = "rawpointer"
version = "0.2.1"
source = "registry+https://github.com/rust-lang/crates.io-index"
checksum = "60a357793950651c4ed0f3f52338f53b2f809f32d83a07f72909fa13e4c6c1e3"

[[package]]
name = "rstar"
version = "0.12.0"
source = "registry+https://github.com/rust-lang/crates.io-index"
checksum = "133315eb94c7b1e8d0cb097e5a710d850263372fd028fff18969de708afc7008"
dependencies = [
 "heapless",
 "num-traits",
 "smallvec",
]

[[package]]
name = "rustc-hash"
version = "1.1.0"
source = "registry+https://github.com/rust-lang/crates.io-index"
checksum = "08d43f7aa6b08d49f382cde6a7982047c3426db949b1424bc4b7ec9ae12c6ce2"

[[package]]
name = "safe_arch"
version = "0.7.2"
source = "registry+https://github.com/rust-lang/crates.io-index"
checksum = "c3460605018fdc9612bce72735cba0d27efbcd9904780d44c7e3a9948f96148a"
dependencies = [
 "bytemuck",
]

[[package]]
name = "simba"
version = "0.8.1"
source = "registry+https://github.com/rust-lang/crates.io-index"
checksum = "061507c94fc6ab4ba1c9a0305018408e312e17c041eb63bef8aa726fa33aceae"
dependencies = [
 "approx",
 "num-complex",
 "num-traits",
 "paste",
 "wide",
]

[[package]]
name = "smallvec"
version = "1.13.2"
source = "registry+https://github.com/rust-lang/crates.io-index"
checksum = "3c5e1a9a646d36c3599cd173a41282daf47c44583ad367b8e6837255952e5c67"

[[package]]
name = "stable_deref_trait"
version = "1.2.0"
source = "registry+https://github.com/rust-lang/crates.io-index"
checksum = "a8f112729512f8e442d81f95a8a7ddf2b7c6b8a1a6f509a95864142b30cab2d3"

[[package]]
name = "syn"
version = "2.0.79"
source = "registry+https://github.com/rust-lang/crates.io-index"
checksum = "89132cd0bf050864e1d38dc3bbc07a0eb8e7530af26344d3d2bbbef83499f590"
dependencies = [
 "proc-macro2",
 "quote",
 "unicode-ident",
]

[[package]]
name = "target-lexicon"
version = "0.12.16"
source = "registry+https://github.com/rust-lang/crates.io-index"
checksum = "61c41af27dd6d1e27b1b16b489db798443478cef1f06a660c96db617ba5de3b1"

[[package]]
name = "typenum"
version = "1.17.0"
source = "registry+https://github.com/rust-lang/crates.io-index"
checksum = "42ff0bf0c66b8238c6f3b578df37d0b7848e55df8577b3f74f92a69acceeb825"

[[package]]
name = "unicode-ident"
version = "1.0.13"
source = "registry+https://github.com/rust-lang/crates.io-index"
checksum = "e91b56cd4cadaeb79bbf1a5645f6b4f8dc5bde8834ad5894a8db35fda9efa1fe"

[[package]]
name = "unindent"
version = "0.2.3"
source = "registry+https://github.com/rust-lang/crates.io-index"
checksum = "c7de7d73e1754487cb58364ee906a499937a0dfabd86bcb980fa99ec8c8fa2ce"

[[package]]
name = "wide"
version = "0.7.28"
source = "registry+https://github.com/rust-lang/crates.io-index"
checksum = "b828f995bf1e9622031f8009f8481a85406ce1f4d4588ff746d872043e855690"
dependencies = [
 "bytemuck",
 "safe_arch",
]
